// !$*UTF8*$!
{
	archiveVersion = 1;
	classes = {
	};
	objectVersion = 46;
	objects = {

/* Begin PBXBuildFile section */
		181CBFAB1C19B22E00191DFA /* DetailViewController.swift in Sources */ = {isa = PBXBuildFile; fileRef = 181CBFAA1C19B22E00191DFA /* DetailViewController.swift */; };
		18EA50721C16F4D60018BAAB /* ItemCell.swift in Sources */ = {isa = PBXBuildFile; fileRef = 18EA50711C16F4D60018BAAB /* ItemCell.swift */; };
		18EA50741C16F79E0018BAAB /* Item.swift in Sources */ = {isa = PBXBuildFile; fileRef = 18EA50731C16F79E0018BAAB /* Item.swift */; };
		44F328571C0F815C00BF1CDF /* AppDelegate.swift in Sources */ = {isa = PBXBuildFile; fileRef = 44F328561C0F815C00BF1CDF /* AppDelegate.swift */; };
		44F328591C0F815C00BF1CDF /* HomeViewController.swift in Sources */ = {isa = PBXBuildFile; fileRef = 44F328581C0F815C00BF1CDF /* HomeViewController.swift */; };
		44F3285C1C0F815C00BF1CDF /* Main.storyboard in Resources */ = {isa = PBXBuildFile; fileRef = 44F3285A1C0F815C00BF1CDF /* Main.storyboard */; };
		44F3285E1C0F815C00BF1CDF /* Assets.xcassets in Resources */ = {isa = PBXBuildFile; fileRef = 44F3285D1C0F815C00BF1CDF /* Assets.xcassets */; };
		44F328611C0F815C00BF1CDF /* LaunchScreen.storyboard in Resources */ = {isa = PBXBuildFile; fileRef = 44F3285F1C0F815C00BF1CDF /* LaunchScreen.storyboard */; };
		B585AFB2E3B82E02C5EC8C40 /* Pods_Market.framework in Frameworks */ = {isa = PBXBuildFile; fileRef = DD04C8EA679140CD187D8C44 /* Pods_Market.framework */; };
/* End PBXBuildFile section */

/* Begin PBXFileReference section */
		181CBFAA1C19B22E00191DFA /* DetailViewController.swift */ = {isa = PBXFileReference; fileEncoding = 4; lastKnownFileType = sourcecode.swift; path = DetailViewController.swift; sourceTree = "<group>"; };
		18EA50711C16F4D60018BAAB /* ItemCell.swift */ = {isa = PBXFileReference; fileEncoding = 4; lastKnownFileType = sourcecode.swift; path = ItemCell.swift; sourceTree = "<group>"; };
		18EA50731C16F79E0018BAAB /* Item.swift */ = {isa = PBXFileReference; fileEncoding = 4; lastKnownFileType = sourcecode.swift; path = Item.swift; sourceTree = "<group>"; };
		44F328531C0F815C00BF1CDF /* Market.app */ = {isa = PBXFileReference; explicitFileType = wrapper.application; includeInIndex = 0; path = Market.app; sourceTree = BUILT_PRODUCTS_DIR; };
		44F328561C0F815C00BF1CDF /* AppDelegate.swift */ = {isa = PBXFileReference; lastKnownFileType = sourcecode.swift; path = AppDelegate.swift; sourceTree = "<group>"; };
		44F328581C0F815C00BF1CDF /* HomeViewController.swift */ = {isa = PBXFileReference; lastKnownFileType = sourcecode.swift; path = HomeViewController.swift; sourceTree = "<group>"; };
		44F3285B1C0F815C00BF1CDF /* Base */ = {isa = PBXFileReference; lastKnownFileType = file.storyboard; name = Base; path = Base.lproj/Main.storyboard; sourceTree = "<group>"; };
		44F3285D1C0F815C00BF1CDF /* Assets.xcassets */ = {isa = PBXFileReference; lastKnownFileType = folder.assetcatalog; path = Assets.xcassets; sourceTree = "<group>"; };
		44F328601C0F815C00BF1CDF /* Base */ = {isa = PBXFileReference; lastKnownFileType = file.storyboard; name = Base; path = Base.lproj/LaunchScreen.storyboard; sourceTree = "<group>"; };
		44F328621C0F815C00BF1CDF /* Info.plist */ = {isa = PBXFileReference; lastKnownFileType = text.plist.xml; path = Info.plist; sourceTree = "<group>"; };
		B4D3676EB8AF4B30C5DFC30A /* Pods-Market.debug.xcconfig */ = {isa = PBXFileReference; includeInIndex = 1; lastKnownFileType = text.xcconfig; name = "Pods-Market.debug.xcconfig"; path = "Pods/Target Support Files/Pods-Market/Pods-Market.debug.xcconfig"; sourceTree = "<group>"; };
		DD04C8EA679140CD187D8C44 /* Pods_Market.framework */ = {isa = PBXFileReference; explicitFileType = wrapper.framework; includeInIndex = 0; path = Pods_Market.framework; sourceTree = BUILT_PRODUCTS_DIR; };
		F44CAAD9D2C117028F194DEA /* Pods-Market.release.xcconfig */ = {isa = PBXFileReference; includeInIndex = 1; lastKnownFileType = text.xcconfig; name = "Pods-Market.release.xcconfig"; path = "Pods/Target Support Files/Pods-Market/Pods-Market.release.xcconfig"; sourceTree = "<group>"; };
/* End PBXFileReference section */

/* Begin PBXFrameworksBuildPhase section */
		44F328501C0F815C00BF1CDF /* Frameworks */ = {
			isa = PBXFrameworksBuildPhase;
			buildActionMask = 2147483647;
			files = (
				B585AFB2E3B82E02C5EC8C40 /* Pods_Market.framework in Frameworks */,
			);
			runOnlyForDeploymentPostprocessing = 0;
		};
/* End PBXFrameworksBuildPhase section */

/* Begin PBXGroup section */
		18EA506C1C16F4260018BAAB /* ViewControllers */ = {
			isa = PBXGroup;
			children = (
				181CBFAA1C19B22E00191DFA /* DetailViewController.swift */,
				44F328581C0F815C00BF1CDF /* HomeViewController.swift */,
			);
			name = ViewControllers;
			sourceTree = "<group>";
		};
		18EA506D1C16F4370018BAAB /* Models */ = {
			isa = PBXGroup;
			children = (
				18EA50731C16F79E0018BAAB /* Item.swift */,
			);
			name = Models;
			sourceTree = "<group>";
		};
		18EA50701C16F4A80018BAAB /* Views */ = {
			isa = PBXGroup;
			children = (
				18EA50711C16F4D60018BAAB /* ItemCell.swift */,
			);
			name = Views;
			sourceTree = "<group>";
		};
		44F3284A1C0F815C00BF1CDF = {
			isa = PBXGroup;
			children = (
				44F328551C0F815C00BF1CDF /* Market */,
				44F328541C0F815C00BF1CDF /* Products */,
				A11273EC2501D8D576ACC278 /* Pods */,
				88271F98B8724DED4F715E1F /* Frameworks */,
			);
			sourceTree = "<group>";
		};
		44F328541C0F815C00BF1CDF /* Products */ = {
			isa = PBXGroup;
			children = (
				44F328531C0F815C00BF1CDF /* Market.app */,
			);
			name = Products;
			sourceTree = "<group>";
		};
		44F328551C0F815C00BF1CDF /* Market */ = {
			isa = PBXGroup;
			children = (
				18EA50701C16F4A80018BAAB /* Views */,
				18EA506D1C16F4370018BAAB /* Models */,
				18EA506C1C16F4260018BAAB /* ViewControllers */,
				44F328561C0F815C00BF1CDF /* AppDelegate.swift */,
				44F3285A1C0F815C00BF1CDF /* Main.storyboard */,
				44F3285D1C0F815C00BF1CDF /* Assets.xcassets */,
				44F3285F1C0F815C00BF1CDF /* LaunchScreen.storyboard */,
				44F328621C0F815C00BF1CDF /* Info.plist */,
			);
			path = Market;
			sourceTree = "<group>";
		};
		88271F98B8724DED4F715E1F /* Frameworks */ = {
			isa = PBXGroup;
			children = (
				DD04C8EA679140CD187D8C44 /* Pods_Market.framework */,
			);
			name = Frameworks;
			sourceTree = "<group>";
		};
		A11273EC2501D8D576ACC278 /* Pods */ = {
			isa = PBXGroup;
			children = (
				B4D3676EB8AF4B30C5DFC30A /* Pods-Market.debug.xcconfig */,
				F44CAAD9D2C117028F194DEA /* Pods-Market.release.xcconfig */,
			);
			name = Pods;
			sourceTree = "<group>";
		};
/* End PBXGroup section */

/* Begin PBXNativeTarget section */
		44F328521C0F815C00BF1CDF /* Market */ = {
			isa = PBXNativeTarget;
			buildConfigurationList = 44F328651C0F815C00BF1CDF /* Build configuration list for PBXNativeTarget "Market" */;
			buildPhases = (
				ED2AD737D5BDEF5713403B9B /* Check Pods Manifest.lock */,
				44F3284F1C0F815C00BF1CDF /* Sources */,
				44F328501C0F815C00BF1CDF /* Frameworks */,
				44F328511C0F815C00BF1CDF /* Resources */,
				45218D942436E1780D203924 /* Embed Pods Frameworks */,
				967CCAE7112370C91B37EAEA /* Copy Pods Resources */,
			);
			buildRules = (
			);
			dependencies = (
			);
			name = Market;
			productName = Market;
			productReference = 44F328531C0F815C00BF1CDF /* Market.app */;
			productType = "com.apple.product-type.application";
		};
/* End PBXNativeTarget section */

/* Begin PBXProject section */
		44F3284B1C0F815C00BF1CDF /* Project object */ = {
			isa = PBXProject;
			attributes = {
				LastSwiftUpdateCheck = 0710;
				LastUpgradeCheck = 0710;
				ORGANIZATIONNAME = "MDT Group";
				TargetAttributes = {
					44F328521C0F815C00BF1CDF = {
						CreatedOnToolsVersion = 7.1.1;
					};
				};
			};
			buildConfigurationList = 44F3284E1C0F815C00BF1CDF /* Build configuration list for PBXProject "Market" */;
			compatibilityVersion = "Xcode 3.2";
			developmentRegion = English;
			hasScannedForEncodings = 0;
			knownRegions = (
				en,
				Base,
			);
			mainGroup = 44F3284A1C0F815C00BF1CDF;
			productRefGroup = 44F328541C0F815C00BF1CDF /* Products */;
			projectDirPath = "";
			projectRoot = "";
			targets = (
				44F328521C0F815C00BF1CDF /* Market */,
			);
		};
/* End PBXProject section */

/* Begin PBXResourcesBuildPhase section */
		44F328511C0F815C00BF1CDF /* Resources */ = {
			isa = PBXResourcesBuildPhase;
			buildActionMask = 2147483647;
			files = (
				44F328611C0F815C00BF1CDF /* LaunchScreen.storyboard in Resources */,
				44F3285E1C0F815C00BF1CDF /* Assets.xcassets in Resources */,
				44F3285C1C0F815C00BF1CDF /* Main.storyboard in Resources */,
			);
			runOnlyForDeploymentPostprocessing = 0;
		};
/* End PBXResourcesBuildPhase section */

/* Begin PBXShellScriptBuildPhase section */
		45218D942436E1780D203924 /* Embed Pods Frameworks */ = {
			isa = PBXShellScriptBuildPhase;
			buildActionMask = 2147483647;
			files = (
			);
			inputPaths = (
			);
			name = "Embed Pods Frameworks";
			outputPaths = (
			);
			runOnlyForDeploymentPostprocessing = 0;
			shellPath = /bin/sh;
			shellScript = "\"${SRCROOT}/Pods/Target Support Files/Pods-Market/Pods-Market-frameworks.sh\"\n";
			showEnvVarsInLog = 0;
		};
		967CCAE7112370C91B37EAEA /* Copy Pods Resources */ = {
			isa = PBXShellScriptBuildPhase;
			buildActionMask = 2147483647;
			files = (
			);
			inputPaths = (
			);
			name = "Copy Pods Resources";
			outputPaths = (
			);
			runOnlyForDeploymentPostprocessing = 0;
			shellPath = /bin/sh;
			shellScript = "\"${SRCROOT}/Pods/Target Support Files/Pods-Market/Pods-Market-resources.sh\"\n";
			showEnvVarsInLog = 0;
		};
		ED2AD737D5BDEF5713403B9B /* Check Pods Manifest.lock */ = {
			isa = PBXShellScriptBuildPhase;
			buildActionMask = 2147483647;
			files = (
			);
			inputPaths = (
			);
			name = "Check Pods Manifest.lock";
			outputPaths = (
			);
			runOnlyForDeploymentPostprocessing = 0;
			shellPath = /bin/sh;
			shellScript = "diff \"${PODS_ROOT}/../Podfile.lock\" \"${PODS_ROOT}/Manifest.lock\" > /dev/null\nif [[ $? != 0 ]] ; then\n    cat << EOM\nerror: The sandbox is not in sync with the Podfile.lock. Run 'pod install' or update your CocoaPods installation.\nEOM\n    exit 1\nfi\n";
			showEnvVarsInLog = 0;
		};
/* End PBXShellScriptBuildPhase section */

/* Begin PBXSourcesBuildPhase section */
		44F3284F1C0F815C00BF1CDF /* Sources */ = {
			isa = PBXSourcesBuildPhase;
			buildActionMask = 2147483647;
			files = (
				18EA50741C16F79E0018BAAB /* Item.swift in Sources */,
				44F328591C0F815C00BF1CDF /* HomeViewController.swift in Sources */,
				181CBFAB1C19B22E00191DFA /* DetailViewController.swift in Sources */,
				44F328571C0F815C00BF1CDF /* AppDelegate.swift in Sources */,
				18EA50721C16F4D60018BAAB /* ItemCell.swift in Sources */,
			);
			runOnlyForDeploymentPostprocessing = 0;
		};
/* End PBXSourcesBuildPhase section */

/* Begin PBXVariantGroup section */
		44F3285A1C0F815C00BF1CDF /* Main.storyboard */ = {
			isa = PBXVariantGroup;
			children = (
				44F3285B1C0F815C00BF1CDF /* Base */,
			);
			name = Main.storyboard;
			sourceTree = "<group>";
		};
		44F3285F1C0F815C00BF1CDF /* LaunchScreen.storyboard */ = {
			isa = PBXVariantGroup;
			children = (
				44F328601C0F815C00BF1CDF /* Base */,
			);
			name = LaunchScreen.storyboard;
			sourceTree = "<group>";
		};
/* End PBXVariantGroup section */

/* Begin XCBuildConfiguration section */
		44F328631C0F815C00BF1CDF /* Debug */ = {
			isa = XCBuildConfiguration;
			buildSettings = {
				ALWAYS_SEARCH_USER_PATHS = NO;
				CLANG_CXX_LANGUAGE_STANDARD = "gnu++0x";
				CLANG_CXX_LIBRARY = "libc++";
				CLANG_ENABLE_MODULES = YES;
				CLANG_ENABLE_OBJC_ARC = YES;
				CLANG_WARN_BOOL_CONVERSION = YES;
				CLANG_WARN_CONSTANT_CONVERSION = YES;
				CLANG_WARN_DIRECT_OBJC_ISA_USAGE = YES_ERROR;
				CLANG_WARN_EMPTY_BODY = YES;
				CLANG_WARN_ENUM_CONVERSION = YES;
				CLANG_WARN_INT_CONVERSION = YES;
				CLANG_WARN_OBJC_ROOT_CLASS = YES_ERROR;
				CLANG_WARN_UNREACHABLE_CODE = YES;
				CLANG_WARN__DUPLICATE_METHOD_MATCH = YES;
				"CODE_SIGN_IDENTITY[sdk=iphoneos*]" = "iPhone Developer";
				COPY_PHASE_STRIP = NO;
				DEBUG_INFORMATION_FORMAT = dwarf;
				ENABLE_STRICT_OBJC_MSGSEND = YES;
				ENABLE_TESTABILITY = YES;
				GCC_C_LANGUAGE_STANDARD = gnu99;
				GCC_DYNAMIC_NO_PIC = NO;
				GCC_NO_COMMON_BLOCKS = YES;
				GCC_OPTIMIZATION_LEVEL = 0;
				GCC_PREPROCESSOR_DEFINITIONS = (
					"DEBUG=1",
					"$(inherited)",
				);
				GCC_WARN_64_TO_32_BIT_CONVERSION = YES;
				GCC_WARN_ABOUT_RETURN_TYPE = YES_ERROR;
				GCC_WARN_UNDECLARED_SELECTOR = YES;
				GCC_WARN_UNINITIALIZED_AUTOS = YES_AGGRESSIVE;
				GCC_WARN_UNUSED_FUNCTION = YES;
				GCC_WARN_UNUSED_VARIABLE = YES;
				IPHONEOS_DEPLOYMENT_TARGET = 9.1;
				MTL_ENABLE_DEBUG_INFO = YES;
				ONLY_ACTIVE_ARCH = YES;
				SDKROOT = iphoneos;
				SWIFT_OPTIMIZATION_LEVEL = "-Onone";
			};
			name = Debug;
		};
		44F328641C0F815C00BF1CDF /* Release */ = {
			isa = XCBuildConfiguration;
			buildSettings = {
				ALWAYS_SEARCH_USER_PATHS = NO;
				CLANG_CXX_LANGUAGE_STANDARD = "gnu++0x";
				CLANG_CXX_LIBRARY = "libc++";
				CLANG_ENABLE_MODULES = YES;
				CLANG_ENABLE_OBJC_ARC = YES;
				CLANG_WARN_BOOL_CONVERSION = YES;
				CLANG_WARN_CONSTANT_CONVERSION = YES;
				CLANG_WARN_DIRECT_OBJC_ISA_USAGE = YES_ERROR;
				CLANG_WARN_EMPTY_BODY = YES;
				CLANG_WARN_ENUM_CONVERSION = YES;
				CLANG_WARN_INT_CONVERSION = YES;
				CLANG_WARN_OBJC_ROOT_CLASS = YES_ERROR;
				CLANG_WARN_UNREACHABLE_CODE = YES;
				CLANG_WARN__DUPLICATE_METHOD_MATCH = YES;
				"CODE_SIGN_IDENTITY[sdk=iphoneos*]" = "iPhone Developer";
				COPY_PHASE_STRIP = NO;
				DEBUG_INFORMATION_FORMAT = "dwarf-with-dsym";
				ENABLE_NS_ASSERTIONS = NO;
				ENABLE_STRICT_OBJC_MSGSEND = YES;
				GCC_C_LANGUAGE_STANDARD = gnu99;
				GCC_NO_COMMON_BLOCKS = YES;
				GCC_WARN_64_TO_32_BIT_CONVERSION = YES;
				GCC_WARN_ABOUT_RETURN_TYPE = YES_ERROR;
				GCC_WARN_UNDECLARED_SELECTOR = YES;
				GCC_WARN_UNINITIALIZED_AUTOS = YES_AGGRESSIVE;
				GCC_WARN_UNUSED_FUNCTION = YES;
				GCC_WARN_UNUSED_VARIABLE = YES;
				IPHONEOS_DEPLOYMENT_TARGET = 9.1;
				MTL_ENABLE_DEBUG_INFO = NO;
				SDKROOT = iphoneos;
				VALIDATE_PRODUCT = YES;
			};
			name = Release;
		};
		44F328661C0F815C00BF1CDF /* Debug */ = {
			isa = XCBuildConfiguration;
			baseConfigurationReference = B4D3676EB8AF4B30C5DFC30A /* Pods-Market.debug.xcconfig */;
			buildSettings = {
				ASSETCATALOG_COMPILER_APPICON_NAME = AppIcon;
				INFOPLIST_FILE = Market/Info.plist;
				LD_RUNPATH_SEARCH_PATHS = "$(inherited) @executable_path/Frameworks";
				PRODUCT_BUNDLE_IDENTIFIER = com.mdtgroup.Market;
				PRODUCT_NAME = "$(TARGET_NAME)";
			};
			name = Debug;
		};
		44F328671C0F815C00BF1CDF /* Release */ = {
			isa = XCBuildConfiguration;
			baseConfigurationReference = F44CAAD9D2C117028F194DEA /* Pods-Market.release.xcconfig */;
			buildSettings = {
				ASSETCATALOG_COMPILER_APPICON_NAME = AppIcon;
				INFOPLIST_FILE = Market/Info.plist;
				LD_RUNPATH_SEARCH_PATHS = "$(inherited) @executable_path/Frameworks";
				PRODUCT_BUNDLE_IDENTIFIER = com.mdtgroup.Market;
				PRODUCT_NAME = "$(TARGET_NAME)";
			};
			name = Release;
		};
/* End XCBuildConfiguration section */

/* Begin XCConfigurationList section */
		44F3284E1C0F815C00BF1CDF /* Build configuration list for PBXProject "Market" */ = {
			isa = XCConfigurationList;
			buildConfigurations = (
				44F328631C0F815C00BF1CDF /* Debug */,
				44F328641C0F815C00BF1CDF /* Release */,
			);
			defaultConfigurationIsVisible = 0;
			defaultConfigurationName = Release;
		};
		44F328651C0F815C00BF1CDF /* Build configuration list for PBXNativeTarget "Market" */ = {
			isa = XCConfigurationList;
			buildConfigurations = (
				44F328661C0F815C00BF1CDF /* Debug */,
				44F328671C0F815C00BF1CDF /* Release */,
			);
			defaultConfigurationIsVisible = 0;
			defaultConfigurationName = Release;
		};
/* End XCConfigurationList section */
	};
	rootObject = 44F3284B1C0F815C00BF1CDF /* Project object */;
}
